// !$*UTF8*$!
{
	archiveVersion = 1;
	classes = {
	};
	objectVersion = 50;
	objects = {

/* Begin PBXBuildFile section */
		0EA8BCC92447D34C00735E2C /* AppDelegate.swift in Sources */ = {isa = PBXBuildFile; fileRef = 0EA8BCC82447D34C00735E2C /* AppDelegate.swift */; };
		0EA8BCCB2447D34C00735E2C /* SceneDelegate.swift in Sources */ = {isa = PBXBuildFile; fileRef = 0EA8BCCA2447D34C00735E2C /* SceneDelegate.swift */; };
		0EA8BCCD2447D34C00735E2C /* ViewController.swift in Sources */ = {isa = PBXBuildFile; fileRef = 0EA8BCCC2447D34C00735E2C /* ViewController.swift */; };
		0EA8BCD02447D34C00735E2C /* Main.storyboard in Resources */ = {isa = PBXBuildFile; fileRef = 0EA8BCCE2447D34C00735E2C /* Main.storyboard */; };
		0EA8BCD22447D34F00735E2C /* Assets.xcassets in Resources */ = {isa = PBXBuildFile; fileRef = 0EA8BCD12447D34F00735E2C /* Assets.xcassets */; };
		0EA8BCD52447D34F00735E2C /* LaunchScreen.storyboard in Resources */ = {isa = PBXBuildFile; fileRef = 0EA8BCD32447D34F00735E2C /* LaunchScreen.storyboard */; };
		0EA8BCDD2447D36400735E2C /* UserDefaultsHelpers.swift in Sources */ = {isa = PBXBuildFile; fileRef = 0EA8BCDC2447D36400735E2C /* UserDefaultsHelpers.swift */; };
/* End PBXBuildFile section */

/* Begin PBXFileReference section */
		0EA8BCC52447D34C00735E2C /* demos.app */ = {isa = PBXFileReference; explicitFileType = wrapper.application; includeInIndex = 0; path = demos.app; sourceTree = BUILT_PRODUCTS_DIR; };
		0EA8BCC82447D34C00735E2C /* AppDelegate.swift */ = {isa = PBXFileReference; lastKnownFileType = sourcecode.swift; path = AppDelegate.swift; sourceTree = "<group>"; };
		0EA8BCCA2447D34C00735E2C /* SceneDelegate.swift */ = {isa = PBXFileReference; lastKnownFileType = sourcecode.swift; path = SceneDelegate.swift; sourceTree = "<group>"; };
		0EA8BCCC2447D34C00735E2C /* ViewController.swift */ = {isa = PBXFileReference; lastKnownFileType = sourcecode.swift; path = ViewController.swift; sourceTree = "<group>"; };
		0EA8BCCF2447D34C00735E2C /* Base */ = {isa = PBXFileReference; lastKnownFileType = file.storyboard; name = Base; path = Base.lproj/Main.storyboard; sourceTree = "<group>"; };
		0EA8BCD12447D34F00735E2C /* Assets.xcassets */ = {isa = PBXFileReference; lastKnownFileType = folder.assetcatalog; path = Assets.xcassets; sourceTree = "<group>"; };
		0EA8BCD42447D34F00735E2C /* Base */ = {isa = PBXFileReference; lastKnownFileType = file.storyboard; name = Base; path = Base.lproj/LaunchScreen.storyboard; sourceTree = "<group>"; };
		0EA8BCD62447D34F00735E2C /* Info.plist */ = {isa = PBXFileReference; lastKnownFileType = text.plist.xml; path = Info.plist; sourceTree = "<group>"; };
		0EA8BCDC2447D36400735E2C /* UserDefaultsHelpers.swift */ = {isa = PBXFileReference; fileEncoding = 4; lastKnownFileType = sourcecode.swift; path = UserDefaultsHelpers.swift; sourceTree = "<group>"; };
/* End PBXFileReference section */

/* Begin PBXFrameworksBuildPhase section */
		0EA8BCC22447D34C00735E2C /* Frameworks */ = {
			isa = PBXFrameworksBuildPhase;
			buildActionMask = 2147483647;
			files = (
			);
			runOnlyForDeploymentPostprocessing = 0;
		};
/* End PBXFrameworksBuildPhase section */

/* Begin PBXGroup section */
		0EA8BCBC2447D34C00735E2C = {
			isa = PBXGroup;
			children = (
				0EA8BCC72447D34C00735E2C /* demos */,
				0EA8BCC62447D34C00735E2C /* Products */,
			);
			sourceTree = "<group>";
		};
		0EA8BCC62447D34C00735E2C /* Products */ = {
			isa = PBXGroup;
			children = (
				0EA8BCC52447D34C00735E2C /* demos.app */,
			);
			name = Products;
			sourceTree = "<group>";
		};
		0EA8BCC72447D34C00735E2C /* demos */ = {
			isa = PBXGroup;
			children = (
				0EA8BCDC2447D36400735E2C /* UserDefaultsHelpers.swift */,
				0EA8BCC82447D34C00735E2C /* AppDelegate.swift */,
				0EA8BCCA2447D34C00735E2C /* SceneDelegate.swift */,
				0EA8BCCC2447D34C00735E2C /* ViewController.swift */,
				0EA8BCCE2447D34C00735E2C /* Main.storyboard */,
				0EA8BCD12447D34F00735E2C /* Assets.xcassets */,
				0EA8BCD32447D34F00735E2C /* LaunchScreen.storyboard */,
				0EA8BCD62447D34F00735E2C /* Info.plist */,
			);
			path = demos;
			sourceTree = "<group>";
		};
/* End PBXGroup section */

/* Begin PBXNativeTarget section */
		0EA8BCC42447D34C00735E2C /* demos */ = {
			isa = PBXNativeTarget;
			buildConfigurationList = 0EA8BCD92447D34F00735E2C /* Build configuration list for PBXNativeTarget "demos" */;
			buildPhases = (
				0EA8BCC12447D34C00735E2C /* Sources */,
				0EA8BCC22447D34C00735E2C /* Frameworks */,
				0EA8BCC32447D34C00735E2C /* Resources */,
			);
			buildRules = (
			);
			dependencies = (
			);
			name = demos;
			productName = demos;
			productReference = 0EA8BCC52447D34C00735E2C /* demos.app */;
			productType = "com.apple.product-type.application";
		};
/* End PBXNativeTarget section */

/* Begin PBXProject section */
		0EA8BCBD2447D34C00735E2C /* Project object */ = {
			isa = PBXProject;
			attributes = {
				LastSwiftUpdateCheck = 1140;
				LastUpgradeCheck = 1140;
				ORGANIZATIONNAME = "Navjot Singh";
				TargetAttributes = {
					0EA8BCC42447D34C00735E2C = {
						CreatedOnToolsVersion = 11.4;
					};
				};
			};
			buildConfigurationList = 0EA8BCC02447D34C00735E2C /* Build configuration list for PBXProject "demos" */;
			compatibilityVersion = "Xcode 9.3";
			developmentRegion = en;
			hasScannedForEncodings = 0;
			knownRegions = (
				en,
				Base,
			);
			mainGroup = 0EA8BCBC2447D34C00735E2C;
			productRefGroup = 0EA8BCC62447D34C00735E2C /* Products */;
			projectDirPath = "";
			projectRoot = "";
			targets = (
				0EA8BCC42447D34C00735E2C /* demos */,
			);
		};
/* End PBXProject section */

/* Begin PBXResourcesBuildPhase section */
		0EA8BCC32447D34C00735E2C /* Resources */ = {
			isa = PBXResourcesBuildPhase;
			buildActionMask = 2147483647;
			files = (
				0EA8BCD52447D34F00735E2C /* LaunchScreen.storyboard in Resources */,
				0EA8BCD22447D34F00735E2C /* Assets.xcassets in Resources */,
				0EA8BCD02447D34C00735E2C /* Main.storyboard in Resources */,
			);
			runOnlyForDeploymentPostprocessing = 0;
		};
/* End PBXResourcesBuildPhase section */

/* Begin PBXSourcesBuildPhase section */
		0EA8BCC12447D34C00735E2C /* Sources */ = {
			isa = PBXSourcesBuildPhase;
			buildActionMask = 2147483647;
			files = (
				0EA8BCCD2447D34C00735E2C /* ViewController.swift in Sources */,
				0EA8BCC92447D34C00735E2C /* AppDelegate.swift in Sources */,
				0EA8BCDD2447D36400735E2C /* UserDefaultsHelpers.swift in Sources */,
				0EA8BCCB2447D34C00735E2C /* SceneDelegate.swift in Sources */,
			);
			runOnlyForDeploymentPostprocessing = 0;
		};
/* End PBXSourcesBuildPhase section */

/* Begin PBXVariantGroup section */
		0EA8BCCE2447D34C00735E2C /* Main.storyboard */ = {
			isa = PBXVariantGroup;
			children = (
				0EA8BCCF2447D34C00735E2C /* Base */,
			);
			name = Main.storyboard;
			sourceTree = "<group>";
		};
		0EA8BCD32447D34F00735E2C /* LaunchScreen.storyboard */ = {
			isa = PBXVariantGroup;
			children = (
				0EA8BCD42447D34F00735E2C /* Base */,
			);
			name = LaunchScreen.storyboard;
			sourceTree = "<group>";
		};
/* End PBXVariantGroup section */

/* Begin XCBuildConfiguration section */
		0EA8BCD72447D34F00735E2C /* Debug */ = {
			isa = XCBuildConfiguration;
			buildSettings = {
				ALWAYS_SEARCH_USER_PATHS = NO;
				CLANG_ANALYZER_NONNULL = YES;
				CLANG_ANALYZER_NUMBER_OBJECT_CONVERSION = YES_AGGRESSIVE;
				CLANG_CXX_LANGUAGE_STANDARD = "gnu++14";
				CLANG_CXX_LIBRARY = "libc++";
				CLANG_ENABLE_MODULES = YES;
				CLANG_ENABLE_OBJC_ARC = YES;
				CLANG_ENABLE_OBJC_WEAK = YES;
				CLANG_WARN_BLOCK_CAPTURE_AUTORELEASING = YES;
				CLANG_WARN_BOOL_CONVERSION = YES;
				CLANG_WARN_COMMA = YES;
				CLANG_WARN_CONSTANT_CONVERSION = YES;
				CLANG_WARN_DEPRECATED_OBJC_IMPLEMENTATIONS = YES;
				CLANG_WARN_DIRECT_OBJC_ISA_USAGE = YES_ERROR;
				CLANG_WARN_DOCUMENTATION_COMMENTS = YES;
				CLANG_WARN_EMPTY_BODY = YES;
				CLANG_WARN_ENUM_CONVERSION = YES;
				CLANG_WARN_INFINITE_RECURSION = YES;
				CLANG_WARN_INT_CONVERSION = YES;
				CLANG_WARN_NON_LITERAL_NULL_CONVERSION = YES;
				CLANG_WARN_OBJC_IMPLICIT_RETAIN_SELF = YES;
				CLANG_WARN_OBJC_LITERAL_CONVERSION = YES;
				CLANG_WARN_OBJC_ROOT_CLASS = YES_ERROR;
				CLANG_WARN_RANGE_LOOP_ANALYSIS = YES;
				CLANG_WARN_STRICT_PROTOTYPES = YES;
				CLANG_WARN_SUSPICIOUS_MOVE = YES;
				CLANG_WARN_UNGUARDED_AVAILABILITY = YES_AGGRESSIVE;
				CLANG_WARN_UNREACHABLE_CODE = YES;
				CLANG_WARN__DUPLICATE_METHOD_MATCH = YES;
				COPY_PHASE_STRIP = NO;
				DEBUG_INFORMATION_FORMAT = dwarf;
				ENABLE_STRICT_OBJC_MSGSEND = YES;
				ENABLE_TESTABILITY = YES;
				GCC_C_LANGUAGE_STANDARD = gnu11;
				GCC_DYNAMIC_NO_PIC = NO;
				GCC_NO_COMMON_BLOCKS = YES;
				GCC_OPTIMIZATION_LEVEL = 0;
				GCC_PREPROCESSOR_DEFINITIONS = (
					"DEBUG=1",
					"$(inherited)",
				);
				GCC_WARN_64_TO_32_BIT_CONVERSION = YES;
				GCC_WARN_ABOUT_RETURN_TYPE = YES_ERROR;
				GCC_WARN_UNDECLARED_SELECTOR = YES;
				GCC_WARN_UNINITIALIZED_AUTOS = YES_AGGRESSIVE;
				GCC_WARN_UNUSED_FUNCTION = YES;
				GCC_WARN_UNUSED_VARIABLE = YES;
				IPHONEOS_DEPLOYMENT_TARGET = 13.4;
				MTL_ENABLE_DEBUG_INFO = INCLUDE_SOURCE;
				MTL_FAST_MATH = YES;
				ONLY_ACTIVE_ARCH = YES;
				SDKROOT = iphoneos;
				SWIFT_ACTIVE_COMPILATION_CONDITIONS = DEBUG;
				SWIFT_OPTIMIZATION_LEVEL = "-Onone";
			};
			name = Debug;
		};
		0EA8BCD82447D34F00735E2C /* Release */ = {
			isa = XCBuildConfiguration;
			buildSettings = {
				ALWAYS_SEARCH_USER_PATHS = NO;
				CLANG_ANALYZER_NONNULL = YES;
				CLANG_ANALYZER_NUMBER_OBJECT_CONVERSION = YES_AGGRESSIVE;
				CLANG_CXX_LANGUAGE_STANDARD = "gnu++14";
				CLANG_CXX_LIBRARY = "libc++";
				CLANG_ENABLE_MODULES = YES;
				CLANG_ENABLE_OBJC_ARC = YES;
				CLANG_ENABLE_OBJC_WEAK = YES;
				CLANG_WARN_BLOCK_CAPTURE_AUTORELEASING = YES;
				CLANG_WARN_BOOL_CONVERSION = YES;
				CLANG_WARN_COMMA = YES;
				CLANG_WARN_CONSTANT_CONVERSION = YES;
				CLANG_WARN_DEPRECATED_OBJC_IMPLEMENTATIONS = YES;
				CLANG_WARN_DIRECT_OBJC_ISA_USAGE = YES_ERROR;
				CLANG_WARN_DOCUMENTATION_COMMENTS = YES;
				CLANG_WARN_EMPTY_BODY = YES;
				CLANG_WARN_ENUM_CONVERSION = YES;
				CLANG_WARN_INFINITE_RECURSION = YES;
				CLANG_WARN_INT_CONVERSION = YES;
				CLANG_WARN_NON_LITERAL_NULL_CONVERSION = YES;
				CLANG_WARN_OBJC_IMPLICIT_RETAIN_SELF = YES;
				CLANG_WARN_OBJC_LITERAL_CONVERSION = YES;
				CLANG_WARN_OBJC_ROOT_CLASS = YES_ERROR;
				CLANG_WARN_RANGE_LOOP_ANALYSIS = YES;
				CLANG_WARN_STRICT_PROTOTYPES = YES;
				CLANG_WARN_SUSPICIOUS_MOVE = YES;
				CLANG_WARN_UNGUARDED_AVAILABILITY = YES_AGGRESSIVE;
				CLANG_WARN_UNREACHABLE_CODE = YES;
				CLANG_WARN__DUPLICATE_METHOD_MATCH = YES;
				COPY_PHASE_STRIP = NO;
				DEBUG_INFORMATION_FORMAT = "dwarf-with-dsym";
				ENABLE_NS_ASSERTIONS = NO;
				ENABLE_STRICT_OBJC_MSGSEND = YES;
				GCC_C_LANGUAGE_STANDARD = gnu11;
				GCC_NO_COMMON_BLOCKS = YES;
				GCC_WARN_64_TO_32_BIT_CONVERSION = YES;
				GCC_WARN_ABOUT_RETURN_TYPE = YES_ERROR;
				GCC_WARN_UNDECLARED_SELECTOR = YES;
				GCC_WARN_UNINITIALIZED_AUTOS = YES_AGGRESSIVE;
				GCC_WARN_UNUSED_FUNCTION = YES;
				GCC_WARN_UNUSED_VARIABLE = YES;
				IPHONEOS_DEPLOYMENT_TARGET = 13.4;
				MTL_ENABLE_DEBUG_INFO = NO;
				MTL_FAST_MATH = YES;
				SDKROOT = iphoneos;
				SWIFT_COMPILATION_MODE = wholemodule;
				SWIFT_OPTIMIZATION_LEVEL = "-O";
				VALIDATE_PRODUCT = YES;
			};
			name = Release;
		};
		0EA8BCDA2447D34F00735E2C /* Debug */ = {
			isa = XCBuildConfiguration;
			buildSettings = {
				ASSETCATALOG_COMPILER_APPICON_NAME = AppIcon;
				CODE_SIGN_STYLE = Automatic;
				DEVELOPMENT_TEAM = VMH42DTN2X;
				INFOPLIST_FILE = demos/Info.plist;
				LD_RUNPATH_SEARCH_PATHS = (
					"$(inherited)",
					"@executable_path/Frameworks",
				);
				PRODUCT_BUNDLE_IDENTIFIER = navjotsp.demos;
				PRODUCT_NAME = "$(TARGET_NAME)";
				SWIFT_VERSION = 5.0;
				TARGETED_DEVICE_FAMILY = "1,2";
			};
			name = Debug;
		};
		0EA8BCDB2447D34F00735E2C /* Release */ = {
			isa = XCBuildConfiguration;
			buildSettings = {
				ASSETCATALOG_COMPILER_APPICON_NAME = AppIcon;
				CODE_SIGN_STYLE = Automatic;
				DEVELOPMENT_TEAM = VMH42DTN2X;
				INFOPLIST_FILE = demos/Info.plist;
				LD_RUNPATH_SEARCH_PATHS = (
					"$(inherited)",
					"@executable_path/Frameworks",
				);
				PRODUCT_BUNDLE_IDENTIFIER = navjotsp.demos;
				PRODUCT_NAME = "$(TARGET_NAME)";
				SWIFT_VERSION = 5.0;
				TARGETED_DEVICE_FAMILY = "1,2";
			};
			name = Release;
		};
/* End XCBuildConfiguration section */

/* Begin XCConfigurationList section */
		0EA8BCC02447D34C00735E2C /* Build configuration list for PBXProject "demos" */ = {
			isa = XCConfigurationList;
			buildConfigurations = (
				0EA8BCD72447D34F00735E2C /* Debug */,
				0EA8BCD82447D34F00735E2C /* Release */,
			);
			defaultConfigurationIsVisible = 0;
			defaultConfigurationName = Release;
		};
		0EA8BCD92447D34F00735E2C /* Build configuration list for PBXNativeTarget "demos" */ = {
			isa = XCConfigurationList;
			buildConfigurations = (
				0EA8BCDA2447D34F00735E2C /* Debug */,
				0EA8BCDB2447D34F00735E2C /* Release */,
			);
			defaultConfigurationIsVisible = 0;
			defaultConfigurationName = Release;
		};
/* End XCConfigurationList section */
	};
	rootObject = 0EA8BCBD2447D34C00735E2C /* Project object */;
}
